
Microsoft Visual Studio Solution File, Format Version 12.00
# Visual Studio 2012
Project("{2150E333-8FDC-42A3-9474-1A3956D46DE8}") = ".nuget", ".nuget", "{89D29BCA-EF5D-4A62-A8B3-3AC06791A873}"
	ProjectSection(SolutionItems) = preProject
		.nuget\NuGet.Config = .nuget\NuGet.Config
		.nuget\NuGet.exe = .nuget\NuGet.exe
		.nuget\NuGet.targets = .nuget\NuGet.targets
	EndProjectSection
EndProject
Project("{FAE04EC0-301F-11D3-BF4B-00C04F79EFBC}") = "HeadsTails Portable Class Library", "HeadsTailsPortableCode\HeadsTails Portable Class Library.csproj", "{56E1180B-7DFA-455A-A1FA-00DA6DD1D234}"
EndProject
Project("{FAE04EC0-301F-11D3-BF4B-00C04F79EFBC}") = "HeadsTails Windows 8", "HeadsTails\HeadsTails Windows 8.csproj", "{E865DF78-54C0-48CF-95B9-5C66ABC5720D}"
EndProject
Project("{FAE04EC0-301F-11D3-BF4B-00C04F79EFBC}") = "HeadsTails Windows Phone 8", "HeadsTails WP8\HeadsTails Windows Phone 8.csproj", "{4D652E67-8213-4C1E-8A37-CDFBF91DCF70}"
EndProject
Project("{FAE04EC0-301F-11D3-BF4B-00C04F79EFBC}") = "HeadsTailsHTML", "HeadsTailsHTML\HeadsTailsHTML.csproj", "{FF261043-3334-4FE2-9A92-DE8946467F60}"
EndProject
Project("{262852C6-CD72-467D-83FE-5EEB1973A190}") = "HeadsTailsW8HTML", "HeadsTailsW8HTML\HeadsTailsW8HTML.jsproj", "{92DB9F34-1BC8-490C-AC6E-2AD09760A199}"
EndProject
Project("{FAE04EC0-301F-11D3-BF4B-00C04F79EFBC}") = "HeadsTailsHTMLPhoneGap", "HeadsTailsPhoneGap\HeadsTailsHTMLPhoneGap.csproj", "{3677C1B7-D68B-4CF9-BF8A-E869D437A6DF}"
EndProject
Global
	GlobalSection(SolutionConfigurationPlatforms) = preSolution
		Debug|Any CPU = Debug|Any CPU
		Debug|ARM = Debug|ARM
		Debug|x64 = Debug|x64
		Debug|x86 = Debug|x86
		Release|Any CPU = Release|Any CPU
		Release|ARM = Release|ARM
		Release|x64 = Release|x64
		Release|x86 = Release|x86
	EndGlobalSection
	GlobalSection(ProjectConfigurationPlatforms) = postSolution
		{56E1180B-7DFA-455A-A1FA-00DA6DD1D234}.Debug|Any CPU.ActiveCfg = Debug|Any CPU
		{56E1180B-7DFA-455A-A1FA-00DA6DD1D234}.Debug|Any CPU.Build.0 = Debug|Any CPU
		{56E1180B-7DFA-455A-A1FA-00DA6DD1D234}.Debug|ARM.ActiveCfg = Debug|Any CPU
		{56E1180B-7DFA-455A-A1FA-00DA6DD1D234}.Debug|x64.ActiveCfg = Debug|Any CPU
		{56E1180B-7DFA-455A-A1FA-00DA6DD1D234}.Debug|x86.ActiveCfg = Debug|Any CPU
		{56E1180B-7DFA-455A-A1FA-00DA6DD1D234}.Release|Any CPU.ActiveCfg = Release|Any CPU
		{56E1180B-7DFA-455A-A1FA-00DA6DD1D234}.Release|Any CPU.Build.0 = Release|Any CPU
		{56E1180B-7DFA-455A-A1FA-00DA6DD1D234}.Release|ARM.ActiveCfg = Release|Any CPU
		{56E1180B-7DFA-455A-A1FA-00DA6DD1D234}.Release|x64.ActiveCfg = Release|Any CPU
		{56E1180B-7DFA-455A-A1FA-00DA6DD1D234}.Release|x86.ActiveCfg = Release|Any CPU
		{E865DF78-54C0-48CF-95B9-5C66ABC5720D}.Debug|Any CPU.ActiveCfg = Debug|Any CPU
		{E865DF78-54C0-48CF-95B9-5C66ABC5720D}.Debug|Any CPU.Build.0 = Debug|Any CPU
		{E865DF78-54C0-48CF-95B9-5C66ABC5720D}.Debug|Any CPU.Deploy.0 = Debug|Any CPU
		{E865DF78-54C0-48CF-95B9-5C66ABC5720D}.Debug|ARM.ActiveCfg = Debug|ARM
		{E865DF78-54C0-48CF-95B9-5C66ABC5720D}.Debug|ARM.Build.0 = Debug|ARM
		{E865DF78-54C0-48CF-95B9-5C66ABC5720D}.Debug|ARM.Deploy.0 = Debug|ARM
		{E865DF78-54C0-48CF-95B9-5C66ABC5720D}.Debug|x64.ActiveCfg = Debug|x64
		{E865DF78-54C0-48CF-95B9-5C66ABC5720D}.Debug|x64.Build.0 = Debug|x64
		{E865DF78-54C0-48CF-95B9-5C66ABC5720D}.Debug|x64.Deploy.0 = Debug|x64
		{E865DF78-54C0-48CF-95B9-5C66ABC5720D}.Debug|x86.ActiveCfg = Debug|x86
		{E865DF78-54C0-48CF-95B9-5C66ABC5720D}.Debug|x86.Build.0 = Debug|x86
		{E865DF78-54C0-48CF-95B9-5C66ABC5720D}.Debug|x86.Deploy.0 = Debug|x86
		{E865DF78-54C0-48CF-95B9-5C66ABC5720D}.Release|Any CPU.ActiveCfg = Release|Any CPU
		{E865DF78-54C0-48CF-95B9-5C66ABC5720D}.Release|Any CPU.Build.0 = Release|Any CPU
		{E865DF78-54C0-48CF-95B9-5C66ABC5720D}.Release|Any CPU.Deploy.0 = Release|Any CPU
		{E865DF78-54C0-48CF-95B9-5C66ABC5720D}.Release|ARM.ActiveCfg = Release|ARM
		{E865DF78-54C0-48CF-95B9-5C66ABC5720D}.Release|ARM.Build.0 = Release|ARM
		{E865DF78-54C0-48CF-95B9-5C66ABC5720D}.Release|ARM.Deploy.0 = Release|ARM
		{E865DF78-54C0-48CF-95B9-5C66ABC5720D}.Release|x64.ActiveCfg = Release|x64
		{E865DF78-54C0-48CF-95B9-5C66ABC5720D}.Release|x64.Build.0 = Release|x64
		{E865DF78-54C0-48CF-95B9-5C66ABC5720D}.Release|x64.Deploy.0 = Release|x64
		{E865DF78-54C0-48CF-95B9-5C66ABC5720D}.Release|x86.ActiveCfg = Release|x86
		{E865DF78-54C0-48CF-95B9-5C66ABC5720D}.Release|x86.Build.0 = Release|x86
		{E865DF78-54C0-48CF-95B9-5C66ABC5720D}.Release|x86.Deploy.0 = Release|x86
		{4D652E67-8213-4C1E-8A37-CDFBF91DCF70}.Debug|Any CPU.ActiveCfg = Debug|Any CPU
		{4D652E67-8213-4C1E-8A37-CDFBF91DCF70}.Debug|Any CPU.Build.0 = Debug|Any CPU
		{4D652E67-8213-4C1E-8A37-CDFBF91DCF70}.Debug|Any CPU.Deploy.0 = Debug|Any CPU
		{4D652E67-8213-4C1E-8A37-CDFBF91DCF70}.Debug|ARM.ActiveCfg = Debug|ARM
		{4D652E67-8213-4C1E-8A37-CDFBF91DCF70}.Debug|ARM.Build.0 = Debug|ARM
		{4D652E67-8213-4C1E-8A37-CDFBF91DCF70}.Debug|ARM.Deploy.0 = Debug|ARM
		{4D652E67-8213-4C1E-8A37-CDFBF91DCF70}.Debug|x64.ActiveCfg = Debug|Any CPU
		{4D652E67-8213-4C1E-8A37-CDFBF91DCF70}.Debug|x86.ActiveCfg = Debug|x86
		{4D652E67-8213-4C1E-8A37-CDFBF91DCF70}.Debug|x86.Build.0 = Debug|x86
		{4D652E67-8213-4C1E-8A37-CDFBF91DCF70}.Debug|x86.Deploy.0 = Debug|x86
		{4D652E67-8213-4C1E-8A37-CDFBF91DCF70}.Release|Any CPU.ActiveCfg = Release|Any CPU
		{4D652E67-8213-4C1E-8A37-CDFBF91DCF70}.Release|Any CPU.Build.0 = Release|Any CPU
		{4D652E67-8213-4C1E-8A37-CDFBF91DCF70}.Release|Any CPU.Deploy.0 = Release|Any CPU
		{4D652E67-8213-4C1E-8A37-CDFBF91DCF70}.Release|ARM.ActiveCfg = Release|ARM
		{4D652E67-8213-4C1E-8A37-CDFBF91DCF70}.Release|ARM.Build.0 = Release|ARM
		{4D652E67-8213-4C1E-8A37-CDFBF91DCF70}.Release|ARM.Deploy.0 = Release|ARM
		{4D652E67-8213-4C1E-8A37-CDFBF91DCF70}.Release|x64.ActiveCfg = Release|Any CPU
		{4D652E67-8213-4C1E-8A37-CDFBF91DCF70}.Release|x86.ActiveCfg = Release|x86
		{4D652E67-8213-4C1E-8A37-CDFBF91DCF70}.Release|x86.Build.0 = Release|x86
		{4D652E67-8213-4C1E-8A37-CDFBF91DCF70}.Release|x86.Deploy.0 = Release|x86
		{FF261043-3334-4FE2-9A92-DE8946467F60}.Debug|Any CPU.ActiveCfg = Debug|Any CPU
		{FF261043-3334-4FE2-9A92-DE8946467F60}.Debug|Any CPU.Build.0 = Debug|Any CPU
		{FF261043-3334-4FE2-9A92-DE8946467F60}.Debug|ARM.ActiveCfg = Debug|Any CPU
		{FF261043-3334-4FE2-9A92-DE8946467F60}.Debug|x64.ActiveCfg = Debug|Any CPU
		{FF261043-3334-4FE2-9A92-DE8946467F60}.Debug|x86.ActiveCfg = Debug|Any CPU
		{FF261043-3334-4FE2-9A92-DE8946467F60}.Release|Any CPU.ActiveCfg = Release|Any CPU
		{FF261043-3334-4FE2-9A92-DE8946467F60}.Release|Any CPU.Build.0 = Release|Any CPU
		{FF261043-3334-4FE2-9A92-DE8946467F60}.Release|ARM.ActiveCfg = Release|Any CPU
		{FF261043-3334-4FE2-9A92-DE8946467F60}.Release|x64.ActiveCfg = Release|Any CPU
		{FF261043-3334-4FE2-9A92-DE8946467F60}.Release|x86.ActiveCfg = Release|Any CPU
		{92DB9F34-1BC8-490C-AC6E-2AD09760A199}.Debug|Any CPU.ActiveCfg = Debug|Any CPU
		{92DB9F34-1BC8-490C-AC6E-2AD09760A199}.Debug|Any CPU.Build.0 = Debug|Any CPU
		{92DB9F34-1BC8-490C-AC6E-2AD09760A199}.Debug|Any CPU.Deploy.0 = Debug|Any CPU
		{92DB9F34-1BC8-490C-AC6E-2AD09760A199}.Debug|ARM.ActiveCfg = Debug|ARM
		{92DB9F34-1BC8-490C-AC6E-2AD09760A199}.Debug|ARM.Build.0 = Debug|ARM
		{92DB9F34-1BC8-490C-AC6E-2AD09760A199}.Debug|ARM.Deploy.0 = Debug|ARM
		{92DB9F34-1BC8-490C-AC6E-2AD09760A199}.Debug|x64.ActiveCfg = Debug|x64
		{92DB9F34-1BC8-490C-AC6E-2AD09760A199}.Debug|x64.Build.0 = Debug|x64
		{92DB9F34-1BC8-490C-AC6E-2AD09760A199}.Debug|x64.Deploy.0 = Debug|x64
		{92DB9F34-1BC8-490C-AC6E-2AD09760A199}.Debug|x86.ActiveCfg = Debug|x86
		{92DB9F34-1BC8-490C-AC6E-2AD09760A199}.Debug|x86.Build.0 = Debug|x86
		{92DB9F34-1BC8-490C-AC6E-2AD09760A199}.Debug|x86.Deploy.0 = Debug|x86
		{92DB9F34-1BC8-490C-AC6E-2AD09760A199}.Release|Any CPU.ActiveCfg = Release|Any CPU
		{92DB9F34-1BC8-490C-AC6E-2AD09760A199}.Release|Any CPU.Build.0 = Release|Any CPU
		{92DB9F34-1BC8-490C-AC6E-2AD09760A199}.Release|Any CPU.Deploy.0 = Release|Any CPU
		{92DB9F34-1BC8-490C-AC6E-2AD09760A199}.Release|ARM.ActiveCfg = Release|ARM
		{92DB9F34-1BC8-490C-AC6E-2AD09760A199}.Release|ARM.Build.0 = Release|ARM
		{92DB9F34-1BC8-490C-AC6E-2AD09760A199}.Release|ARM.Deploy.0 = Release|ARM
		{92DB9F34-1BC8-490C-AC6E-2AD09760A199}.Release|x64.ActiveCfg = Release|x64
		{92DB9F34-1BC8-490C-AC6E-2AD09760A199}.Release|x64.Build.0 = Release|x64
		{92DB9F34-1BC8-490C-AC6E-2AD09760A199}.Release|x64.Deploy.0 = Release|x64
		{92DB9F34-1BC8-490C-AC6E-2AD09760A199}.Release|x86.ActiveCfg = Release|x86
		{92DB9F34-1BC8-490C-AC6E-2AD09760A199}.Release|x86.Build.0 = Release|x86
		{92DB9F34-1BC8-490C-AC6E-2AD09760A199}.Release|x86.Deploy.0 = Release|x86
		{3677C1B7-D68B-4CF9-BF8A-E869D437A6DF}.Debug|Any CPU.ActiveCfg = Debug|Any CPU
		{3677C1B7-D68B-4CF9-BF8A-E869D437A6DF}.Debug|Any CPU.Build.0 = Debug|Any CPU
		{3677C1B7-D68B-4CF9-BF8A-E869D437A6DF}.Debug|Any CPU.Deploy.0 = Debug|Any CPU
		{3677C1B7-D68B-4CF9-BF8A-E869D437A6DF}.Debug|ARM.ActiveCfg = Debug|ARM
		{3677C1B7-D68B-4CF9-BF8A-E869D437A6DF}.Debug|ARM.Build.0 = Debug|ARM
		{3677C1B7-D68B-4CF9-BF8A-E869D437A6DF}.Debug|ARM.Deploy.0 = Debug|ARM
		{3677C1B7-D68B-4CF9-BF8A-E869D437A6DF}.Debug|x64.ActiveCfg = Debug|Any CPU
		{3677C1B7-D68B-4CF9-BF8A-E869D437A6DF}.Debug|x86.ActiveCfg = Debug|x86
		{3677C1B7-D68B-4CF9-BF8A-E869D437A6DF}.Debug|x86.Build.0 = Debug|x86
		{3677C1B7-D68B-4CF9-BF8A-E869D437A6DF}.Debug|x86.Deploy.0 = Debug|x86
		{3677C1B7-D68B-4CF9-BF8A-E869D437A6DF}.Release|Any CPU.ActiveCfg = Release|Any CPU
		{3677C1B7-D68B-4CF9-BF8A-E869D437A6DF}.Release|Any CPU.Build.0 = Release|Any CPU
		{3677C1B7-D68B-4CF9-BF8A-E869D437A6DF}.Release|Any CPU.Deploy.0 = Release|Any CPU
		{3677C1B7-D68B-4CF9-BF8A-E869D437A6DF}.Release|ARM.ActiveCfg = Release|ARM
		{3677C1B7-D68B-4CF9-BF8A-E869D437A6DF}.Release|ARM.Build.0 = Release|ARM
		{3677C1B7-D68B-4CF9-BF8A-E869D437A6DF}.Release|ARM.Deploy.0 = Release|ARM
		{3677C1B7-D68B-4CF9-BF8A-E869D437A6DF}.Release|x64.ActiveCfg = Release|Any CPU
		{3677C1B7-D68B-4CF9-BF8A-E869D437A6DF}.Release|x86.ActiveCfg = Release|x86
		{3677C1B7-D68B-4CF9-BF8A-E869D437A6DF}.Release|x86.Build.0 = Release|x86
		{3677C1B7-D68B-4CF9-BF8A-E869D437A6DF}.Release|x86.Deploy.0 = Release|x86
	EndGlobalSection
	GlobalSection(SolutionProperties) = preSolution
		HideSolutionNode = FALSE
	EndGlobalSection
EndGlobal
